// !$*UTF8*$!
{
	archiveVersion = 1;
	classes = {
	};
	objectVersion = 55;
	objects = {

/* Begin PBXBuildFile section */
		4AC9390E28BA364600100D75 /* VeterinaryClinicApp.swift in Sources */ = {isa = PBXBuildFile; fileRef = 4AC9390D28BA364600100D75 /* VeterinaryClinicApp.swift */; };
		4AC9391028BA364600100D75 /* HomeView.swift in Sources */ = {isa = PBXBuildFile; fileRef = 4AC9390F28BA364600100D75 /* HomeView.swift */; };
		4AC9391228BA364C00100D75 /* Assets.xcassets in Resources */ = {isa = PBXBuildFile; fileRef = 4AC9391128BA364C00100D75 /* Assets.xcassets */; };
		4AC9391528BA364C00100D75 /* Preview Assets.xcassets in Resources */ = {isa = PBXBuildFile; fileRef = 4AC9391428BA364C00100D75 /* Preview Assets.xcassets */; };
		4AC9391F28BA364D00100D75 /* VeterinaryClinicTests.swift in Sources */ = {isa = PBXBuildFile; fileRef = 4AC9391E28BA364D00100D75 /* VeterinaryClinicTests.swift */; };
		4AC9392928BA364D00100D75 /* VeterinaryClinicUITests.swift in Sources */ = {isa = PBXBuildFile; fileRef = 4AC9392828BA364D00100D75 /* VeterinaryClinicUITests.swift */; };
		4AC9392B28BA364D00100D75 /* VeterinaryClinicUITestsLaunchTests.swift in Sources */ = {isa = PBXBuildFile; fileRef = 4AC9392A28BA364D00100D75 /* VeterinaryClinicUITestsLaunchTests.swift */; };
		4AC9393928BA375400100D75 /* VCPets.swift in Sources */ = {isa = PBXBuildFile; fileRef = 4AC9393828BA375400100D75 /* VCPets.swift */; };
		4AC9393B28BA378100100D75 /* VCConfiguration.swift in Sources */ = {isa = PBXBuildFile; fileRef = 4AC9393A28BA378100100D75 /* VCConfiguration.swift */; };
/* End PBXBuildFile section */

/* Begin PBXContainerItemProxy section */
		4AC9391B28BA364D00100D75 /* PBXContainerItemProxy */ = {
			isa = PBXContainerItemProxy;
			containerPortal = 4AC9390228BA364500100D75 /* Project object */;
			proxyType = 1;
			remoteGlobalIDString = 4AC9390928BA364500100D75;
			remoteInfo = VeterinaryClinic;
		};
		4AC9392528BA364D00100D75 /* PBXContainerItemProxy */ = {
			isa = PBXContainerItemProxy;
			containerPortal = 4AC9390228BA364500100D75 /* Project object */;
			proxyType = 1;
			remoteGlobalIDString = 4AC9390928BA364500100D75;
			remoteInfo = VeterinaryClinic;
		};
/* End PBXContainerItemProxy section */

/* Begin PBXFileReference section */
		4AC9390A28BA364500100D75 /* VeterinaryClinic.app */ = {isa = PBXFileReference; explicitFileType = wrapper.application; includeInIndex = 0; path = VeterinaryClinic.app; sourceTree = BUILT_PRODUCTS_DIR; };
		4AC9390D28BA364600100D75 /* VeterinaryClinicApp.swift */ = {isa = PBXFileReference; lastKnownFileType = sourcecode.swift; path = VeterinaryClinicApp.swift; sourceTree = "<group>"; };
		4AC9390F28BA364600100D75 /* HomeView.swift */ = {isa = PBXFileReference; lastKnownFileType = sourcecode.swift; path = HomeView.swift; sourceTree = "<group>"; };
		4AC9391128BA364C00100D75 /* Assets.xcassets */ = {isa = PBXFileReference; lastKnownFileType = folder.assetcatalog; path = Assets.xcassets; sourceTree = "<group>"; };
		4AC9391428BA364C00100D75 /* Preview Assets.xcassets */ = {isa = PBXFileReference; lastKnownFileType = folder.assetcatalog; path = "Preview Assets.xcassets"; sourceTree = "<group>"; };
		4AC9391A28BA364D00100D75 /* VeterinaryClinicTests.xctest */ = {isa = PBXFileReference; explicitFileType = wrapper.cfbundle; includeInIndex = 0; path = VeterinaryClinicTests.xctest; sourceTree = BUILT_PRODUCTS_DIR; };
		4AC9391E28BA364D00100D75 /* VeterinaryClinicTests.swift */ = {isa = PBXFileReference; lastKnownFileType = sourcecode.swift; path = VeterinaryClinicTests.swift; sourceTree = "<group>"; };
		4AC9392428BA364D00100D75 /* VeterinaryClinicUITests.xctest */ = {isa = PBXFileReference; explicitFileType = wrapper.cfbundle; includeInIndex = 0; path = VeterinaryClinicUITests.xctest; sourceTree = BUILT_PRODUCTS_DIR; };
		4AC9392828BA364D00100D75 /* VeterinaryClinicUITests.swift */ = {isa = PBXFileReference; lastKnownFileType = sourcecode.swift; path = VeterinaryClinicUITests.swift; sourceTree = "<group>"; };
		4AC9392A28BA364D00100D75 /* VeterinaryClinicUITestsLaunchTests.swift */ = {isa = PBXFileReference; lastKnownFileType = sourcecode.swift; path = VeterinaryClinicUITestsLaunchTests.swift; sourceTree = "<group>"; };
		4AC9393828BA375400100D75 /* VCPets.swift */ = {isa = PBXFileReference; lastKnownFileType = sourcecode.swift; path = VCPets.swift; sourceTree = "<group>"; };
		4AC9393A28BA378100100D75 /* VCConfiguration.swift */ = {isa = PBXFileReference; lastKnownFileType = sourcecode.swift; path = VCConfiguration.swift; sourceTree = "<group>"; };
/* End PBXFileReference section */

/* Begin PBXFrameworksBuildPhase section */
		4AC9390728BA364500100D75 /* Frameworks */ = {
			isa = PBXFrameworksBuildPhase;
			buildActionMask = 2147483647;
			files = (
			);
			runOnlyForDeploymentPostprocessing = 0;
		};
		4AC9391728BA364D00100D75 /* Frameworks */ = {
			isa = PBXFrameworksBuildPhase;
			buildActionMask = 2147483647;
			files = (
			);
			runOnlyForDeploymentPostprocessing = 0;
		};
		4AC9392128BA364D00100D75 /* Frameworks */ = {
			isa = PBXFrameworksBuildPhase;
			buildActionMask = 2147483647;
			files = (
			);
			runOnlyForDeploymentPostprocessing = 0;
		};
/* End PBXFrameworksBuildPhase section */

/* Begin PBXGroup section */
		4AC9390128BA364500100D75 = {
			isa = PBXGroup;
			children = (
				4AC9390C28BA364500100D75 /* VeterinaryClinic */,
				4AC9391D28BA364D00100D75 /* VeterinaryClinicTests */,
				4AC9392728BA364D00100D75 /* VeterinaryClinicUITests */,
				4AC9390B28BA364500100D75 /* Products */,
			);
			sourceTree = "<group>";
		};
		4AC9390B28BA364500100D75 /* Products */ = {
			isa = PBXGroup;
			children = (
				4AC9390A28BA364500100D75 /* VeterinaryClinic.app */,
				4AC9391A28BA364D00100D75 /* VeterinaryClinicTests.xctest */,
				4AC9392428BA364D00100D75 /* VeterinaryClinicUITests.xctest */,
			);
			name = Products;
			sourceTree = "<group>";
		};
		4AC9390C28BA364500100D75 /* VeterinaryClinic */ = {
			isa = PBXGroup;
			children = (
				4AC9393728BA36CA00100D75 /* DataModels */,
				4AC9390D28BA364600100D75 /* VeterinaryClinicApp.swift */,
				4AC9390F28BA364600100D75 /* HomeView.swift */,
				4AC9391128BA364C00100D75 /* Assets.xcassets */,
				4AC9391328BA364C00100D75 /* Preview Content */,
			);
			path = VeterinaryClinic;
			sourceTree = "<group>";
		};
		4AC9391328BA364C00100D75 /* Preview Content */ = {
			isa = PBXGroup;
			children = (
				4AC9391428BA364C00100D75 /* Preview Assets.xcassets */,
			);
			path = "Preview Content";
			sourceTree = "<group>";
		};
		4AC9391D28BA364D00100D75 /* VeterinaryClinicTests */ = {
			isa = PBXGroup;
			children = (
				4AC9391E28BA364D00100D75 /* VeterinaryClinicTests.swift */,
			);
			path = VeterinaryClinicTests;
			sourceTree = "<group>";
		};
		4AC9392728BA364D00100D75 /* VeterinaryClinicUITests */ = {
			isa = PBXGroup;
			children = (
				4AC9392828BA364D00100D75 /* VeterinaryClinicUITests.swift */,
				4AC9392A28BA364D00100D75 /* VeterinaryClinicUITestsLaunchTests.swift */,
			);
			path = VeterinaryClinicUITests;
			sourceTree = "<group>";
		};
		4AC9393728BA36CA00100D75 /* DataModels */ = {
			isa = PBXGroup;
			children = (
				4AC9393828BA375400100D75 /* VCPets.swift */,
				4AC9393A28BA378100100D75 /* VCConfiguration.swift */,
			);
			path = DataModels;
			sourceTree = "<group>";
		};
/* End PBXGroup section */

/* Begin PBXNativeTarget section */
		4AC9390928BA364500100D75 /* VeterinaryClinic */ = {
			isa = PBXNativeTarget;
			buildConfigurationList = 4AC9392E28BA364D00100D75 /* Build configuration list for PBXNativeTarget "VeterinaryClinic" */;
			buildPhases = (
				4AC9390628BA364500100D75 /* Sources */,
				4AC9390728BA364500100D75 /* Frameworks */,
				4AC9390828BA364500100D75 /* Resources */,
			);
			buildRules = (
			);
			dependencies = (
			);
			name = VeterinaryClinic;
			productName = VeterinaryClinic;
			productReference = 4AC9390A28BA364500100D75 /* VeterinaryClinic.app */;
			productType = "com.apple.product-type.application";
		};
		4AC9391928BA364D00100D75 /* VeterinaryClinicTests */ = {
			isa = PBXNativeTarget;
			buildConfigurationList = 4AC9393128BA364D00100D75 /* Build configuration list for PBXNativeTarget "VeterinaryClinicTests" */;
			buildPhases = (
				4AC9391628BA364D00100D75 /* Sources */,
				4AC9391728BA364D00100D75 /* Frameworks */,
				4AC9391828BA364D00100D75 /* Resources */,
			);
			buildRules = (
			);
			dependencies = (
				4AC9391C28BA364D00100D75 /* PBXTargetDependency */,
			);
			name = VeterinaryClinicTests;
			productName = VeterinaryClinicTests;
			productReference = 4AC9391A28BA364D00100D75 /* VeterinaryClinicTests.xctest */;
			productType = "com.apple.product-type.bundle.unit-test";
		};
		4AC9392328BA364D00100D75 /* VeterinaryClinicUITests */ = {
			isa = PBXNativeTarget;
			buildConfigurationList = 4AC9393428BA364D00100D75 /* Build configuration list for PBXNativeTarget "VeterinaryClinicUITests" */;
			buildPhases = (
				4AC9392028BA364D00100D75 /* Sources */,
				4AC9392128BA364D00100D75 /* Frameworks */,
				4AC9392228BA364D00100D75 /* Resources */,
			);
			buildRules = (
			);
			dependencies = (
				4AC9392628BA364D00100D75 /* PBXTargetDependency */,
			);
			name = VeterinaryClinicUITests;
			productName = VeterinaryClinicUITests;
			productReference = 4AC9392428BA364D00100D75 /* VeterinaryClinicUITests.xctest */;
			productType = "com.apple.product-type.bundle.ui-testing";
		};
/* End PBXNativeTarget section */

/* Begin PBXProject section */
		4AC9390228BA364500100D75 /* Project object */ = {
			isa = PBXProject;
			attributes = {
				BuildIndependentTargetsInParallel = 1;
				LastSwiftUpdateCheck = 1340;
				LastUpgradeCheck = 1340;
				TargetAttributes = {
					4AC9390928BA364500100D75 = {
						CreatedOnToolsVersion = 13.4;
					};
					4AC9391928BA364D00100D75 = {
						CreatedOnToolsVersion = 13.4;
						TestTargetID = 4AC9390928BA364500100D75;
					};
					4AC9392328BA364D00100D75 = {
						CreatedOnToolsVersion = 13.4;
						TestTargetID = 4AC9390928BA364500100D75;
					};
				};
			};
			buildConfigurationList = 4AC9390528BA364500100D75 /* Build configuration list for PBXProject "VeterinaryClinic" */;
			compatibilityVersion = "Xcode 13.0";
			developmentRegion = en;
			hasScannedForEncodings = 0;
			knownRegions = (
				en,
				Base,
			);
			mainGroup = 4AC9390128BA364500100D75;
			productRefGroup = 4AC9390B28BA364500100D75 /* Products */;
			projectDirPath = "";
			projectRoot = "";
			targets = (
				4AC9390928BA364500100D75 /* VeterinaryClinic */,
				4AC9391928BA364D00100D75 /* VeterinaryClinicTests */,
				4AC9392328BA364D00100D75 /* VeterinaryClinicUITests */,
			);
		};
/* End PBXProject section */

/* Begin PBXResourcesBuildPhase section */
		4AC9390828BA364500100D75 /* Resources */ = {
			isa = PBXResourcesBuildPhase;
			buildActionMask = 2147483647;
			files = (
				4AC9391528BA364C00100D75 /* Preview Assets.xcassets in Resources */,
				4AC9391228BA364C00100D75 /* Assets.xcassets in Resources */,
			);
			runOnlyForDeploymentPostprocessing = 0;
		};
		4AC9391828BA364D00100D75 /* Resources */ = {
			isa = PBXResourcesBuildPhase;
			buildActionMask = 2147483647;
			files = (
			);
			runOnlyForDeploymentPostprocessing = 0;
		};
		4AC9392228BA364D00100D75 /* Resources */ = {
			isa = PBXResourcesBuildPhase;
			buildActionMask = 2147483647;
			files = (
			);
			runOnlyForDeploymentPostprocessing = 0;
		};
/* End PBXResourcesBuildPhase section */

/* Begin PBXSourcesBuildPhase section */
		4AC9390628BA364500100D75 /* Sources */ = {
			isa = PBXSourcesBuildPhase;
			buildActionMask = 2147483647;
			files = (
				4AC9391028BA364600100D75 /* HomeView.swift in Sources */,
				4AC9393B28BA378100100D75 /* VCConfiguration.swift in Sources */,
				4AC9393928BA375400100D75 /* VCPets.swift in Sources */,
				4AC9390E28BA364600100D75 /* VeterinaryClinicApp.swift in Sources */,
			);
			runOnlyForDeploymentPostprocessing = 0;
		};
		4AC9391628BA364D00100D75 /* Sources */ = {
			isa = PBXSourcesBuildPhase;
			buildActionMask = 2147483647;
			files = (
				4AC9391F28BA364D00100D75 /* VeterinaryClinicTests.swift in Sources */,
			);
			runOnlyForDeploymentPostprocessing = 0;
		};
		4AC9392028BA364D00100D75 /* Sources */ = {
			isa = PBXSourcesBuildPhase;
			buildActionMask = 2147483647;
			files = (
				4AC9392928BA364D00100D75 /* VeterinaryClinicUITests.swift in Sources */,
				4AC9392B28BA364D00100D75 /* VeterinaryClinicUITestsLaunchTests.swift in Sources */,
			);
			runOnlyForDeploymentPostprocessing = 0;
		};
/* End PBXSourcesBuildPhase section */

/* Begin PBXTargetDependency section */
		4AC9391C28BA364D00100D75 /* PBXTargetDependency */ = {
			isa = PBXTargetDependency;
			target = 4AC9390928BA364500100D75 /* VeterinaryClinic */;
			targetProxy = 4AC9391B28BA364D00100D75 /* PBXContainerItemProxy */;
		};
		4AC9392628BA364D00100D75 /* PBXTargetDependency */ = {
			isa = PBXTargetDependency;
			target = 4AC9390928BA364500100D75 /* VeterinaryClinic */;
			targetProxy = 4AC9392528BA364D00100D75 /* PBXContainerItemProxy */;
		};
/* End PBXTargetDependency section */

/* Begin XCBuildConfiguration section */
		4AC9392C28BA364D00100D75 /* Debug */ = {
			isa = XCBuildConfiguration;
			buildSettings = {
				ALWAYS_SEARCH_USER_PATHS = NO;
				CLANG_ANALYZER_NONNULL = YES;
				CLANG_ANALYZER_NUMBER_OBJECT_CONVERSION = YES_AGGRESSIVE;
				CLANG_CXX_LANGUAGE_STANDARD = "gnu++17";
				CLANG_ENABLE_MODULES = YES;
				CLANG_ENABLE_OBJC_ARC = YES;
				CLANG_ENABLE_OBJC_WEAK = YES;
				CLANG_WARN_BLOCK_CAPTURE_AUTORELEASING = YES;
				CLANG_WARN_BOOL_CONVERSION = YES;
				CLANG_WARN_COMMA = YES;
				CLANG_WARN_CONSTANT_CONVERSION = YES;
				CLANG_WARN_DEPRECATED_OBJC_IMPLEMENTATIONS = YES;
				CLANG_WARN_DIRECT_OBJC_ISA_USAGE = YES_ERROR;
				CLANG_WARN_DOCUMENTATION_COMMENTS = YES;
				CLANG_WARN_EMPTY_BODY = YES;
				CLANG_WARN_ENUM_CONVERSION = YES;
				CLANG_WARN_INFINITE_RECURSION = YES;
				CLANG_WARN_INT_CONVERSION = YES;
				CLANG_WARN_NON_LITERAL_NULL_CONVERSION = YES;
				CLANG_WARN_OBJC_IMPLICIT_RETAIN_SELF = YES;
				CLANG_WARN_OBJC_LITERAL_CONVERSION = YES;
				CLANG_WARN_OBJC_ROOT_CLASS = YES_ERROR;
				CLANG_WARN_QUOTED_INCLUDE_IN_FRAMEWORK_HEADER = YES;
				CLANG_WARN_RANGE_LOOP_ANALYSIS = YES;
				CLANG_WARN_STRICT_PROTOTYPES = YES;
				CLANG_WARN_SUSPICIOUS_MOVE = YES;
				CLANG_WARN_UNGUARDED_AVAILABILITY = YES_AGGRESSIVE;
				CLANG_WARN_UNREACHABLE_CODE = YES;
				CLANG_WARN__DUPLICATE_METHOD_MATCH = YES;
				COPY_PHASE_STRIP = NO;
				DEBUG_INFORMATION_FORMAT = dwarf;
				ENABLE_STRICT_OBJC_MSGSEND = YES;
				ENABLE_TESTABILITY = YES;
				GCC_C_LANGUAGE_STANDARD = gnu11;
				GCC_DYNAMIC_NO_PIC = NO;
				GCC_NO_COMMON_BLOCKS = YES;
				GCC_OPTIMIZATION_LEVEL = 0;
				GCC_PREPROCESSOR_DEFINITIONS = (
					"DEBUG=1",
					"$(inherited)",
				);
				GCC_WARN_64_TO_32_BIT_CONVERSION = YES;
				GCC_WARN_ABOUT_RETURN_TYPE = YES_ERROR;
				GCC_WARN_UNDECLARED_SELECTOR = YES;
				GCC_WARN_UNINITIALIZED_AUTOS = YES_AGGRESSIVE;
				GCC_WARN_UNUSED_FUNCTION = YES;
				GCC_WARN_UNUSED_VARIABLE = YES;
				IPHONEOS_DEPLOYMENT_TARGET = 15.5;
				MTL_ENABLE_DEBUG_INFO = INCLUDE_SOURCE;
				MTL_FAST_MATH = YES;
				ONLY_ACTIVE_ARCH = YES;
				SDKROOT = iphoneos;
				SWIFT_ACTIVE_COMPILATION_CONDITIONS = DEBUG;
				SWIFT_OPTIMIZATION_LEVEL = "-Onone";
			};
			name = Debug;
		};
		4AC9392D28BA364D00100D75 /* Release */ = {
			isa = XCBuildConfiguration;
			buildSettings = {
				ALWAYS_SEARCH_USER_PATHS = NO;
				CLANG_ANALYZER_NONNULL = YES;
				CLANG_ANALYZER_NUMBER_OBJECT_CONVERSION = YES_AGGRESSIVE;
				CLANG_CXX_LANGUAGE_STANDARD = "gnu++17";
				CLANG_ENABLE_MODULES = YES;
				CLANG_ENABLE_OBJC_ARC = YES;
				CLANG_ENABLE_OBJC_WEAK = YES;
				CLANG_WARN_BLOCK_CAPTURE_AUTORELEASING = YES;
				CLANG_WARN_BOOL_CONVERSION = YES;
				CLANG_WARN_COMMA = YES;
				CLANG_WARN_CONSTANT_CONVERSION = YES;
				CLANG_WARN_DEPRECATED_OBJC_IMPLEMENTATIONS = YES;
				CLANG_WARN_DIRECT_OBJC_ISA_USAGE = YES_ERROR;
				CLANG_WARN_DOCUMENTATION_COMMENTS = YES;
				CLANG_WARN_EMPTY_BODY = YES;
				CLANG_WARN_ENUM_CONVERSION = YES;
				CLANG_WARN_INFINITE_RECURSION = YES;
				CLANG_WARN_INT_CONVERSION = YES;
				CLANG_WARN_NON_LITERAL_NULL_CONVERSION = YES;
				CLANG_WARN_OBJC_IMPLICIT_RETAIN_SELF = YES;
				CLANG_WARN_OBJC_LITERAL_CONVERSION = YES;
				CLANG_WARN_OBJC_ROOT_CLASS = YES_ERROR;
				CLANG_WARN_QUOTED_INCLUDE_IN_FRAMEWORK_HEADER = YES;
				CLANG_WARN_RANGE_LOOP_ANALYSIS = YES;
				CLANG_WARN_STRICT_PROTOTYPES = YES;
				CLANG_WARN_SUSPICIOUS_MOVE = YES;
				CLANG_WARN_UNGUARDED_AVAILABILITY = YES_AGGRESSIVE;
				CLANG_WARN_UNREACHABLE_CODE = YES;
				CLANG_WARN__DUPLICATE_METHOD_MATCH = YES;
				COPY_PHASE_STRIP = NO;
				DEBUG_INFORMATION_FORMAT = "dwarf-with-dsym";
				ENABLE_NS_ASSERTIONS = NO;
				ENABLE_STRICT_OBJC_MSGSEND = YES;
				GCC_C_LANGUAGE_STANDARD = gnu11;
				GCC_NO_COMMON_BLOCKS = YES;
				GCC_WARN_64_TO_32_BIT_CONVERSION = YES;
				GCC_WARN_ABOUT_RETURN_TYPE = YES_ERROR;
				GCC_WARN_UNDECLARED_SELECTOR = YES;
				GCC_WARN_UNINITIALIZED_AUTOS = YES_AGGRESSIVE;
				GCC_WARN_UNUSED_FUNCTION = YES;
				GCC_WARN_UNUSED_VARIABLE = YES;
				IPHONEOS_DEPLOYMENT_TARGET = 15.5;
				MTL_ENABLE_DEBUG_INFO = NO;
				MTL_FAST_MATH = YES;
				SDKROOT = iphoneos;
				SWIFT_COMPILATION_MODE = wholemodule;
				SWIFT_OPTIMIZATION_LEVEL = "-O";
				VALIDATE_PRODUCT = YES;
			};
			name = Release;
		};
		4AC9392F28BA364D00100D75 /* Debug */ = {
			isa = XCBuildConfiguration;
			buildSettings = {
				ASSETCATALOG_COMPILER_APPICON_NAME = AppIcon;
				ASSETCATALOG_COMPILER_GLOBAL_ACCENT_COLOR_NAME = AccentColor;
				CODE_SIGN_STYLE = Automatic;
				CURRENT_PROJECT_VERSION = 1;
				DEVELOPMENT_ASSET_PATHS = "\"VeterinaryClinic/Preview Content\"";
				ENABLE_PREVIEWS = YES;
				GENERATE_INFOPLIST_FILE = YES;
				INFOPLIST_KEY_UIApplicationSceneManifest_Generation = YES;
				INFOPLIST_KEY_UIApplicationSupportsIndirectInputEvents = YES;
				INFOPLIST_KEY_UILaunchScreen_Generation = YES;
				INFOPLIST_KEY_UISupportedInterfaceOrientations_iPad = "UIInterfaceOrientationPortrait UIInterfaceOrientationPortraitUpsideDown UIInterfaceOrientationLandscapeLeft UIInterfaceOrientationLandscapeRight";
				INFOPLIST_KEY_UISupportedInterfaceOrientations_iPhone = "UIInterfaceOrientationPortrait UIInterfaceOrientationLandscapeLeft UIInterfaceOrientationLandscapeRight";
				LD_RUNPATH_SEARCH_PATHS = (
					"$(inherited)",
					"@executable_path/Frameworks",
				);
				MARKETING_VERSION = 1.0;
				PRODUCT_BUNDLE_IDENTIFIER = com.sachindaingade.VeterinaryClinic;
				PRODUCT_NAME = "$(TARGET_NAME)";
				SWIFT_EMIT_LOC_STRINGS = YES;
				SWIFT_VERSION = 5.0;
				TARGETED_DEVICE_FAMILY = "1,2";
			};
			name = Debug;
		};
		4AC9393028BA364D00100D75 /* Release */ = {
			isa = XCBuildConfiguration;
			buildSettings = {
				ASSETCATALOG_COMPILER_APPICON_NAME = AppIcon;
				ASSETCATALOG_COMPILER_GLOBAL_ACCENT_COLOR_NAME = AccentColor;
				CODE_SIGN_STYLE = Automatic;
				CURRENT_PROJECT_VERSION = 1;
				DEVELOPMENT_ASSET_PATHS = "\"VeterinaryClinic/Preview Content\"";
				ENABLE_PREVIEWS = YES;
				GENERATE_INFOPLIST_FILE = YES;
				INFOPLIST_KEY_UIApplicationSceneManifest_Generation = YES;
				INFOPLIST_KEY_UIApplicationSupportsIndirectInputEvents = YES;
				INFOPLIST_KEY_UILaunchScreen_Generation = YES;
				INFOPLIST_KEY_UISupportedInterfaceOrientations_iPad = "UIInterfaceOrientationPortrait UIInterfaceOrientationPortraitUpsideDown UIInterfaceOrientationLandscapeLeft UIInterfaceOrientationLandscapeRight";
				INFOPLIST_KEY_UISupportedInterfaceOrientations_iPhone = "UIInterfaceOrientationPortrait UIInterfaceOrientationLandscapeLeft UIInterfaceOrientationLandscapeRight";
				LD_RUNPATH_SEARCH_PATHS = (
					"$(inherited)",
					"@executable_path/Frameworks",
				);
				MARKETING_VERSION = 1.0;
				PRODUCT_BUNDLE_IDENTIFIER = com.sachindaingade.VeterinaryClinic;
				PRODUCT_NAME = "$(TARGET_NAME)";
				SWIFT_EMIT_LOC_STRINGS = YES;
				SWIFT_VERSION = 5.0;
				TARGETED_DEVICE_FAMILY = "1,2";
			};
			name = Release;
		};
		4AC9393228BA364D00100D75 /* Debug */ = {
			isa = XCBuildConfiguration;
			buildSettings = {
				ALWAYS_EMBED_SWIFT_STANDARD_LIBRARIES = YES;
				BUNDLE_LOADER = "$(TEST_HOST)";
				CODE_SIGN_STYLE = Automatic;
				CURRENT_PROJECT_VERSION = 1;
				GENERATE_INFOPLIST_FILE = YES;
				IPHONEOS_DEPLOYMENT_TARGET = 15.5;
				MARKETING_VERSION = 1.0;
				PRODUCT_BUNDLE_IDENTIFIER = com.sachindaingade.VeterinaryClinicTests;
				PRODUCT_NAME = "$(TARGET_NAME)";
				SWIFT_EMIT_LOC_STRINGS = NO;
				SWIFT_VERSION = 5.0;
				TARGETED_DEVICE_FAMILY = "1,2";
				TEST_HOST = "$(BUILT_PRODUCTS_DIR)/VeterinaryClinic.app/VeterinaryClinic";
			};
			name = Debug;
		};
		4AC9393328BA364D00100D75 /* Release */ = {
			isa = XCBuildConfiguration;
			buildSettings = {
				ALWAYS_EMBED_SWIFT_STANDARD_LIBRARIES = YES;
				BUNDLE_LOADER = "$(TEST_HOST)";
				CODE_SIGN_STYLE = Automatic;
				CURRENT_PROJECT_VERSION = 1;
				GENERATE_INFOPLIST_FILE = YES;
				IPHONEOS_DEPLOYMENT_TARGET = 15.5;
				MARKETING_VERSION = 1.0;
				PRODUCT_BUNDLE_IDENTIFIER = com.sachindaingade.VeterinaryClinicTests;
				PRODUCT_NAME = "$(TARGET_NAME)";
				SWIFT_EMIT_LOC_STRINGS = NO;
				SWIFT_VERSION = 5.0;
				TARGETED_DEVICE_FAMILY = "1,2";
				TEST_HOST = "$(BUILT_PRODUCTS_DIR)/VeterinaryClinic.app/VeterinaryClinic";
			};
			name = Release;
		};
		4AC9393528BA364D00100D75 /* Debug */ = {
			isa = XCBuildConfiguration;
			buildSettings = {
				ALWAYS_EMBED_SWIFT_STANDARD_LIBRARIES = YES;
				CODE_SIGN_STYLE = Automatic;
				CURRENT_PROJECT_VERSION = 1;
				GENERATE_INFOPLIST_FILE = YES;
				MARKETING_VERSION = 1.0;
				PRODUCT_BUNDLE_IDENTIFIER = com.sachindaingade.VeterinaryClinicUITests;
				PRODUCT_NAME = "$(TARGET_NAME)";
				SWIFT_EMIT_LOC_STRINGS = NO;
				SWIFT_VERSION = 5.0;
				TARGETED_DEVICE_FAMILY = "1,2";
				TEST_TARGET_NAME = VeterinaryClinic;
			};
			name = Debug;
		};
		4AC9393628BA364D00100D75 /* Release */ = {
			isa = XCBuildConfiguration;
			buildSettings = {
				ALWAYS_EMBED_SWIFT_STANDARD_LIBRARIES = YES;
				CODE_SIGN_STYLE = Automatic;
				CURRENT_PROJECT_VERSION = 1;
				GENERATE_INFOPLIST_FILE = YES;
				MARKETING_VERSION = 1.0;
				PRODUCT_BUNDLE_IDENTIFIER = com.sachindaingade.VeterinaryClinicUITests;
				PRODUCT_NAME = "$(TARGET_NAME)";
				SWIFT_EMIT_LOC_STRINGS = NO;
				SWIFT_VERSION = 5.0;
				TARGETED_DEVICE_FAMILY = "1,2";
				TEST_TARGET_NAME = VeterinaryClinic;
			};
			name = Release;
		};
/* End XCBuildConfiguration section */

/* Begin XCConfigurationList section */
		4AC9390528BA364500100D75 /* Build configuration list for PBXProject "VeterinaryClinic" */ = {
			isa = XCConfigurationList;
			buildConfigurations = (
				4AC9392C28BA364D00100D75 /* Debug */,
				4AC9392D28BA364D00100D75 /* Release */,
			);
			defaultConfigurationIsVisible = 0;
			defaultConfigurationName = Release;
		};
		4AC9392E28BA364D00100D75 /* Build configuration list for PBXNativeTarget "VeterinaryClinic" */ = {
			isa = XCConfigurationList;
			buildConfigurations = (
				4AC9392F28BA364D00100D75 /* Debug */,
				4AC9393028BA364D00100D75 /* Release */,
			);
			defaultConfigurationIsVisible = 0;
			defaultConfigurationName = Release;
		};
		4AC9393128BA364D00100D75 /* Build configuration list for PBXNativeTarget "VeterinaryClinicTests" */ = {
			isa = XCConfigurationList;
			buildConfigurations = (
				4AC9393228BA364D00100D75 /* Debug */,
				4AC9393328BA364D00100D75 /* Release */,
			);
			defaultConfigurationIsVisible = 0;
			defaultConfigurationName = Release;
		};
		4AC9393428BA364D00100D75 /* Build configuration list for PBXNativeTarget "VeterinaryClinicUITests" */ = {
			isa = XCConfigurationList;
			buildConfigurations = (
				4AC9393528BA364D00100D75 /* Debug */,
				4AC9393628BA364D00100D75 /* Release */,
			);
			defaultConfigurationIsVisible = 0;
			defaultConfigurationName = Release;
		};
/* End XCConfigurationList section */
	};
	rootObject = 4AC9390228BA364500100D75 /* Project object */;
}
